schema: '2.0'
stages:
  get_data:
    cmd: python scripts/data.py
    deps:
    - path: scripts/data.py
      hash: md5
      md5: d6bb88ca2e4aecc88bbd82407d72ca37
      size: 1124
    params:
      params.yaml:
        index_col: customer_id
    outs:
    - path: data/initial_data.csv
      hash: md5
      md5: 098a59f279dd4e132cb544934f0bc85c
      size: 899316
      cloud:
        my_storage:
          etag: 098a59f279dd4e132cb544934f0bc85c
          version_id: 00065C35552AA72C
  fit_model:
    cmd: python scripts/fit.py
    deps:
    - path: data/initial_data.csv
      hash: md5
      md5: 098a59f279dd4e132cb544934f0bc85c
      size: 899316
    - path: scripts/fit.py
      hash: md5
      md5: 06e8f76f2dd2051ae5e2999d5ee4ece2
      size: 1704
    params:
      params.yaml:
        C: 1.0
        index_col: customer_id
        one_hot_drop: if_binary
        penalty: l2
        target_col: target
    outs:
    - path: models/fitted_model.pkl
      hash: md5
      md5: 5ff654a8db195df1f0a92375dd2c9331
      size: 11886
      cloud:
        my_storage:
          etag: 5ff654a8db195df1f0a92375dd2c9331
          version_id: 00065C48D024B896
  evaluate_model:
    cmd: python scripts/evaluate.py
    deps:
    - path: models/fitted_model.pkl
      hash: md5
      md5: 5ff654a8db195df1f0a92375dd2c9331
      size: 11886
    - path: scripts/evaluate.py
      hash: md5
      md5: ef214061be8e5ed323f1f028d8111bac
      size: 872
    params:
      params.yaml:
        index_col: customer_id
        metrics:
        - f1
        - roc_auc
        n_jobs: -1
        n_splits: 5
        target_col: target
    outs:
    - path: cv_results/cv_res.json
      hash: md5
      md5: 4414d759a970ef9d585556b4208a3a51
      size: 87
      cloud:
        my_storage:
          etag: 4414d759a970ef9d585556b4208a3a51
          version_id: 00065C48D0256A08
