schema: '2.0'
stages:
  get_data:
    cmd: python scripts/data.py
    deps:
    - path: scripts/data.py
      hash: md5
      md5: d6bb88ca2e4aecc88bbd82407d72ca37
      size: 1124
    params:
      params.yaml:
        index_col: customer_id
    outs:
    - path: data/initial_data.csv
      hash: md5
      md5: 098a59f279dd4e132cb544934f0bc85c
      size: 899316
  fit_model:
    cmd: python scripts/fit.py
    deps:
    - path: data/initial_data.csv
      hash: md5
      md5: 098a59f279dd4e132cb544934f0bc85c
      size: 899316
    - path: scripts/fit.py
      hash: md5
      md5: abd86b5797a428cdc9ccecdcd6f5863c
      size: 1712
    params:
      params.yaml:
        auto_class_weights: Balanced
        index_col: customer_id
        one_hot_drop: if_binary
        target_col: target
    outs:
    - path: models/fitted_model.pkl
      hash: md5
      md5: e91b08718aa41a7aa210ec46585db887
      size: 1099303
  evaluate_model:
    cmd: python scripts/evaluate.py
    deps:
    - path: models/fitted_model.pkl
      hash: md5
      md5: e91b08718aa41a7aa210ec46585db887
      size: 1099303
    - path: scripts/evaluate.py
      hash: md5
      md5: ef214061be8e5ed323f1f028d8111bac
      size: 872
    params:
      params.yaml:
        index_col: customer_id
        metrics:
        - f1
        - roc_auc
        n_jobs: -1
        n_splits: 5
        target_col: target
    outs:
    - path: cv_results/cv_res.json
      hash: md5
      md5: 5236c1f8a557ebfbf38a14c83eaf803e
      size: 88
